// !$*UTF8*$!
{
	archiveVersion = 1;
	classes = {
	};
	objectVersion = 51;
	objects = {

/* Begin PBXBuildFile section */
		1EF83B82C8298D5D9814BC3B /* Pods_NiteNite.framework in Frameworks */ = {isa = PBXBuildFile; fileRef = A2EE2E001CA134CF1FA3070D /* Pods_NiteNite.framework */; };
		EE07EB5023FA3AA6004F33F5 /* Mood_Button.swift in Sources */ = {isa = PBXBuildFile; fileRef = EE07EB4F23FA3AA6004F33F5 /* Mood_Button.swift */; };
		EE07EB5223FA48F9004F33F5 /* ContentView.swift in Sources */ = {isa = PBXBuildFile; fileRef = EE07EB5123FA48F9004F33F5 /* ContentView.swift */; };
		EE07EB5623FA4CF5004F33F5 /* Settings.swift in Sources */ = {isa = PBXBuildFile; fileRef = EE07EB5523FA4CF5004F33F5 /* Settings.swift */; };
		EE12FE872430162C00857DD4 /* ODManager.swift in Sources */ = {isa = PBXBuildFile; fileRef = EE12FE862430162C00857DD4 /* ODManager.swift */; };
		EE2DB5EE23F6F0EF000FFF2A /* AppDelegate.swift in Sources */ = {isa = PBXBuildFile; fileRef = EE2DB5ED23F6F0EF000FFF2A /* AppDelegate.swift */; };
		EE2DB5F023F6F0EF000FFF2A /* SceneDelegate.swift in Sources */ = {isa = PBXBuildFile; fileRef = EE2DB5EF23F6F0EF000FFF2A /* SceneDelegate.swift */; };
		EE2DB5F223F6F0EF000FFF2A /* Home_View.swift in Sources */ = {isa = PBXBuildFile; fileRef = EE2DB5F123F6F0EF000FFF2A /* Home_View.swift */; };
		EE2DB5F423F6F0F0000FFF2A /* Assets.xcassets in Resources */ = {isa = PBXBuildFile; fileRef = EE2DB5F323F6F0F0000FFF2A /* Assets.xcassets */; };
		EE2DB5F723F6F0F0000FFF2A /* Preview Assets.xcassets in Resources */ = {isa = PBXBuildFile; fileRef = EE2DB5F623F6F0F0000FFF2A /* Preview Assets.xcassets */; };
		EE2DB60523F6FC50000FFF2A /* Data.swift in Sources */ = {isa = PBXBuildFile; fileRef = EE2DB60423F6FC50000FFF2A /* Data.swift */; };
		EE2DB60F23F70669000FFF2A /* Mood.swift in Sources */ = {isa = PBXBuildFile; fileRef = EE2DB60E23F70669000FFF2A /* Mood.swift */; };
		EE3378CE242422B30042B209 /* Waterfall 1.mp3 in Resources */ = {isa = PBXBuildFile; fileRef = EE3378CD242422B30042B209 /* Waterfall 1.mp3 */; settings = {ASSET_TAGS = (sounds_prefetch, ); }; };
		EE42C0CA24247D6B009EFE79 /* Default-568h@2x.png in Resources */ = {isa = PBXBuildFile; fileRef = EE42C0C924247D6B009EFE79 /* Default-568h@2x.png */; };
		EE75FFC923F83F6300E9C471 /* Mood_Detail.swift in Sources */ = {isa = PBXBuildFile; fileRef = EE75FFC823F83F6300E9C471 /* Mood_Detail.swift */; };
		EE8470602417DD0600370BE2 /* Terms_View.swift in Sources */ = {isa = PBXBuildFile; fileRef = EE84705F2417DD0600370BE2 /* Terms_View.swift */; };
		EE8A604D2411DF7B00A1D196 /* White Noise.mp3 in Resources */ = {isa = PBXBuildFile; fileRef = EE8A60472411DF7A00A1D196 /* White Noise.mp3 */; settings = {ASSET_TAGS = (sounds_prefetch, ); }; };
		EE8A604E2411DF7B00A1D196 /* Pink Noise.mp3 in Resources */ = {isa = PBXBuildFile; fileRef = EE8A60482411DF7A00A1D196 /* Pink Noise.mp3 */; settings = {ASSET_TAGS = (sounds_prefetch, ); }; };
		EE8A60512411DF7B00A1D196 /* Fire Sound 1.mp3 in Resources */ = {isa = PBXBuildFile; fileRef = EE8A604B2411DF7B00A1D196 /* Fire Sound 1.mp3 */; settings = {ASSET_TAGS = (sounds_prefetch, ); }; };
		EE8A60522411DF7B00A1D196 /* Fire Sound 2.mp3 in Resources */ = {isa = PBXBuildFile; fileRef = EE8A604C2411DF7B00A1D196 /* Fire Sound 2.mp3 */; settings = {ASSET_TAGS = (sounds_prefetch, ); }; };
		EE8A60552411E5AE00A1D196 /* AVPlayer.swift in Sources */ = {isa = PBXBuildFile; fileRef = EE8A60542411E5AE00A1D196 /* AVPlayer.swift */; };
		EE8CC84523F7204B00D3D55E /* moods.json in Resources */ = {isa = PBXBuildFile; fileRef = EE8CC84423F7204B00D3D55E /* moods.json */; };
		EE9FC586241E99F200C09A00 /* Beach1.mp3 in Resources */ = {isa = PBXBuildFile; fileRef = EE9FC585241E99F100C09A00 /* Beach1.mp3 */; settings = {ASSET_TAGS = (sounds_prefetch, ); }; };
		EEB0CA31241E9F630005C076 /* Rain 2.mp3 in Resources */ = {isa = PBXBuildFile; fileRef = EEB0CA30241E9F630005C076 /* Rain 2.mp3 */; settings = {ASSET_TAGS = (sounds_prefetch, ); }; };
		EEC95C93241EA268000AC7FC /* Rain1.mp3 in Resources */ = {isa = PBXBuildFile; fileRef = EEC95C92241EA268000AC7FC /* Rain1.mp3 */; settings = {ASSET_TAGS = (sounds_prefetch, ); }; };
		EED0FAEC241B034200A6838A /* BannerView.swift in Sources */ = {isa = PBXBuildFile; fileRef = EED0FAEB241B034200A6838A /* BannerView.swift */; };
		EEF1F014241EF34A00B827F4 /* Beach 2.mp3 in Resources */ = {isa = PBXBuildFile; fileRef = EEF1F013241EF34A00B827F4 /* Beach 2.mp3 */; settings = {ASSET_TAGS = (sounds_prefetch, ); }; };
		EEFBE07F23F70A700086DF65 /* Mood_Items.swift in Sources */ = {isa = PBXBuildFile; fileRef = EEFBE07E23F70A700086DF65 /* Mood_Items.swift */; };
		EEFBE08123F70DDE0086DF65 /* Constaints.swift in Sources */ = {isa = PBXBuildFile; fileRef = EEFBE08023F70DDE0086DF65 /* Constaints.swift */; };
		EEFBE08323F7138D0086DF65 /* mood_Row.swift in Sources */ = {isa = PBXBuildFile; fileRef = EEFBE08223F7138D0086DF65 /* mood_Row.swift */; };
/* End PBXBuildFile section */

/* Begin PBXFileReference section */
		39DCBACF6E210E67758AD490 /* Pods-NiteNite.release.xcconfig */ = {isa = PBXFileReference; includeInIndex = 1; lastKnownFileType = text.xcconfig; name = "Pods-NiteNite.release.xcconfig"; path = "Target Support Files/Pods-NiteNite/Pods-NiteNite.release.xcconfig"; sourceTree = "<group>"; };
		A2EE2E001CA134CF1FA3070D /* Pods_NiteNite.framework */ = {isa = PBXFileReference; explicitFileType = wrapper.framework; includeInIndex = 0; path = Pods_NiteNite.framework; sourceTree = BUILT_PRODUCTS_DIR; };
		A60F8A69453B3352EF499525 /* Pods-NiteNite.debug.xcconfig */ = {isa = PBXFileReference; includeInIndex = 1; lastKnownFileType = text.xcconfig; name = "Pods-NiteNite.debug.xcconfig"; path = "Target Support Files/Pods-NiteNite/Pods-NiteNite.debug.xcconfig"; sourceTree = "<group>"; };
		EE07EB4F23FA3AA6004F33F5 /* Mood_Button.swift */ = {isa = PBXFileReference; lastKnownFileType = sourcecode.swift; path = Mood_Button.swift; sourceTree = "<group>"; };
		EE07EB5123FA48F9004F33F5 /* ContentView.swift */ = {isa = PBXFileReference; lastKnownFileType = sourcecode.swift; path = ContentView.swift; sourceTree = "<group>"; };
		EE07EB5523FA4CF5004F33F5 /* Settings.swift */ = {isa = PBXFileReference; lastKnownFileType = sourcecode.swift; path = Settings.swift; sourceTree = "<group>"; };
		EE12FE862430162C00857DD4 /* ODManager.swift */ = {isa = PBXFileReference; lastKnownFileType = sourcecode.swift; path = ODManager.swift; sourceTree = "<group>"; };
		EE2DB5EA23F6F0EF000FFF2A /* NiteNite.app */ = {isa = PBXFileReference; explicitFileType = wrapper.application; includeInIndex = 0; path = NiteNite.app; sourceTree = BUILT_PRODUCTS_DIR; };
		EE2DB5ED23F6F0EF000FFF2A /* AppDelegate.swift */ = {isa = PBXFileReference; lastKnownFileType = sourcecode.swift; path = AppDelegate.swift; sourceTree = "<group>"; };
		EE2DB5EF23F6F0EF000FFF2A /* SceneDelegate.swift */ = {isa = PBXFileReference; lastKnownFileType = sourcecode.swift; path = SceneDelegate.swift; sourceTree = "<group>"; };
		EE2DB5F123F6F0EF000FFF2A /* Home_View.swift */ = {isa = PBXFileReference; lastKnownFileType = sourcecode.swift; path = Home_View.swift; sourceTree = "<group>"; };
		EE2DB5F323F6F0F0000FFF2A /* Assets.xcassets */ = {isa = PBXFileReference; lastKnownFileType = folder.assetcatalog; path = Assets.xcassets; sourceTree = "<group>"; };
		EE2DB5F623F6F0F0000FFF2A /* Preview Assets.xcassets */ = {isa = PBXFileReference; lastKnownFileType = folder.assetcatalog; path = "Preview Assets.xcassets"; sourceTree = "<group>"; };
		EE2DB5FB23F6F0F0000FFF2A /* Info.plist */ = {isa = PBXFileReference; lastKnownFileType = text.plist.xml; path = Info.plist; sourceTree = "<group>"; };
		EE2DB60423F6FC50000FFF2A /* Data.swift */ = {isa = PBXFileReference; lastKnownFileType = sourcecode.swift; path = Data.swift; sourceTree = "<group>"; };
		EE2DB60E23F70669000FFF2A /* Mood.swift */ = {isa = PBXFileReference; lastKnownFileType = sourcecode.swift; path = Mood.swift; sourceTree = "<group>"; };
		EE3378CD242422B30042B209 /* Waterfall 1.mp3 */ = {isa = PBXFileReference; lastKnownFileType = audio.mp3; path = "Waterfall 1.mp3"; sourceTree = "<group>"; };
		EE42C0C924247D6B009EFE79 /* Default-568h@2x.png */ = {isa = PBXFileReference; lastKnownFileType = image.png; path = "Default-568h@2x.png"; sourceTree = "<group>"; };
		EE75FFC823F83F6300E9C471 /* Mood_Detail.swift */ = {isa = PBXFileReference; lastKnownFileType = sourcecode.swift; path = Mood_Detail.swift; sourceTree = "<group>"; };
		EE84705F2417DD0600370BE2 /* Terms_View.swift */ = {isa = PBXFileReference; lastKnownFileType = sourcecode.swift; path = Terms_View.swift; sourceTree = "<group>"; };
		EE8A60472411DF7A00A1D196 /* White Noise.mp3 */ = {isa = PBXFileReference; lastKnownFileType = audio.mp3; path = "White Noise.mp3"; sourceTree = "<group>"; };
		EE8A60482411DF7A00A1D196 /* Pink Noise.mp3 */ = {isa = PBXFileReference; lastKnownFileType = audio.mp3; path = "Pink Noise.mp3"; sourceTree = "<group>"; };
		EE8A604B2411DF7B00A1D196 /* Fire Sound 1.mp3 */ = {isa = PBXFileReference; lastKnownFileType = audio.mp3; path = "Fire Sound 1.mp3"; sourceTree = "<group>"; };
		EE8A604C2411DF7B00A1D196 /* Fire Sound 2.mp3 */ = {isa = PBXFileReference; lastKnownFileType = audio.mp3; path = "Fire Sound 2.mp3"; sourceTree = "<group>"; };
		EE8A60542411E5AE00A1D196 /* AVPlayer.swift */ = {isa = PBXFileReference; lastKnownFileType = sourcecode.swift; path = AVPlayer.swift; sourceTree = "<group>"; };
		EE8CC84423F7204B00D3D55E /* moods.json */ = {isa = PBXFileReference; fileEncoding = 4; lastKnownFileType = text.json; name = moods.json; path = "../../../../Desktop/Swift App Development Ideas/nitenite/moods.json"; sourceTree = "<group>"; };
		EE9FC585241E99F100C09A00 /* Beach1.mp3 */ = {isa = PBXFileReference; lastKnownFileType = audio.mp3; path = Beach1.mp3; sourceTree = "<group>"; };
		EEB0CA30241E9F630005C076 /* Rain 2.mp3 */ = {isa = PBXFileReference; lastKnownFileType = audio.mp3; path = "Rain 2.mp3"; sourceTree = "<group>"; };
		EEC95C92241EA268000AC7FC /* Rain1.mp3 */ = {isa = PBXFileReference; lastKnownFileType = audio.mp3; path = Rain1.mp3; sourceTree = "<group>"; };
		EED0FAEB241B034200A6838A /* BannerView.swift */ = {isa = PBXFileReference; lastKnownFileType = sourcecode.swift; path = BannerView.swift; sourceTree = "<group>"; };
		EEF1F013241EF34A00B827F4 /* Beach 2.mp3 */ = {isa = PBXFileReference; lastKnownFileType = audio.mp3; path = "Beach 2.mp3"; sourceTree = "<group>"; };
		EEFBE07E23F70A700086DF65 /* Mood_Items.swift */ = {isa = PBXFileReference; lastKnownFileType = sourcecode.swift; path = Mood_Items.swift; sourceTree = "<group>"; };
		EEFBE08023F70DDE0086DF65 /* Constaints.swift */ = {isa = PBXFileReference; lastKnownFileType = sourcecode.swift; path = Constaints.swift; sourceTree = "<group>"; };
		EEFBE08223F7138D0086DF65 /* mood_Row.swift */ = {isa = PBXFileReference; lastKnownFileType = sourcecode.swift; path = mood_Row.swift; sourceTree = "<group>"; };
/* End PBXFileReference section */

/* Begin PBXFrameworksBuildPhase section */
		EE2DB5E723F6F0EF000FFF2A /* Frameworks */ = {
			isa = PBXFrameworksBuildPhase;
			buildActionMask = 2147483647;
			files = (
				1EF83B82C8298D5D9814BC3B /* Pods_NiteNite.framework in Frameworks */,
			);
			runOnlyForDeploymentPostprocessing = 0;
		};
/* End PBXFrameworksBuildPhase section */

/* Begin PBXGroup section */
		2D697FB8D8C2430C05A10524 /* Frameworks */ = {
			isa = PBXGroup;
			children = (
				A2EE2E001CA134CF1FA3070D /* Pods_NiteNite.framework */,
			);
			name = Frameworks;
			sourceTree = "<group>";
		};
		58405E1C32FE0E71F3BFB3D4 /* Pods */ = {
			isa = PBXGroup;
			children = (
				A60F8A69453B3352EF499525 /* Pods-NiteNite.debug.xcconfig */,
				39DCBACF6E210E67758AD490 /* Pods-NiteNite.release.xcconfig */,
			);
			path = Pods;
			sourceTree = "<group>";
		};
		EE2DB5E123F6F0EF000FFF2A = {
			isa = PBXGroup;
			children = (
				EE42C0C924247D6B009EFE79 /* Default-568h@2x.png */,
				EE2DB5EC23F6F0EF000FFF2A /* NiteNite */,
				EE8CC84623F720D400D3D55E /* Helpers */,
				EE2DB5EB23F6F0EF000FFF2A /* Products */,
				58405E1C32FE0E71F3BFB3D4 /* Pods */,
				2D697FB8D8C2430C05A10524 /* Frameworks */,
			);
			sourceTree = "<group>";
		};
		EE2DB5EB23F6F0EF000FFF2A /* Products */ = {
			isa = PBXGroup;
			children = (
				EE2DB5EA23F6F0EF000FFF2A /* NiteNite.app */,
			);
			name = Products;
			sourceTree = "<group>";
		};
		EE2DB5EC23F6F0EF000FFF2A /* NiteNite */ = {
			isa = PBXGroup;
			children = (
				EE8A60532411E57A00A1D196 /* Controllers */,
				EE8A60462411DF2400A1D196 /* Sounds */,
				EE8CC84423F7204B00D3D55E /* moods.json */,
				EE2DB5F523F6F0F0000FFF2A /* Preview Content */,
				EE8CC84A23F7214F00D3D55E /* Delegates */,
				EE2DB5F323F6F0F0000FFF2A /* Assets.xcassets */,
				EE8CC84923F7212900D3D55E /* Structures */,
				EE8CC84823F720FB00D3D55E /* Data */,
				EE2DB60B23F7047A000FFF2A /* Views */,
				EE2DB5FB23F6F0F0000FFF2A /* Info.plist */,
			);
			path = NiteNite;
			sourceTree = "<group>";
		};
		EE2DB5F523F6F0F0000FFF2A /* Preview Content */ = {
			isa = PBXGroup;
			children = (
				EE2DB5F623F6F0F0000FFF2A /* Preview Assets.xcassets */,
			);
			path = "Preview Content";
			sourceTree = "<group>";
		};
		EE2DB60B23F7047A000FFF2A /* Views */ = {
			isa = PBXGroup;
			children = (
				EE2DB5F123F6F0EF000FFF2A /* Home_View.swift */,
				EEFBE07E23F70A700086DF65 /* Mood_Items.swift */,
				EEFBE08223F7138D0086DF65 /* mood_Row.swift */,
				EE75FFC823F83F6300E9C471 /* Mood_Detail.swift */,
				EE07EB4F23FA3AA6004F33F5 /* Mood_Button.swift */,
				EE07EB5123FA48F9004F33F5 /* ContentView.swift */,
				EE07EB5523FA4CF5004F33F5 /* Settings.swift */,
				EE84705F2417DD0600370BE2 /* Terms_View.swift */,
				EED0FAEB241B034200A6838A /* BannerView.swift */,
			);
			path = Views;
			sourceTree = "<group>";
		};
		EE8A60462411DF2400A1D196 /* Sounds */ = {
			isa = PBXGroup;
			children = (
				EE8A604B2411DF7B00A1D196 /* Fire Sound 1.mp3 */,
				EE8A604C2411DF7B00A1D196 /* Fire Sound 2.mp3 */,
				EE9FC585241E99F100C09A00 /* Beach1.mp3 */,
				EE3378CD242422B30042B209 /* Waterfall 1.mp3 */,
				EEF1F013241EF34A00B827F4 /* Beach 2.mp3 */,
				EEB0CA30241E9F630005C076 /* Rain 2.mp3 */,
				EE8A60482411DF7A00A1D196 /* Pink Noise.mp3 */,
				EEC95C92241EA268000AC7FC /* Rain1.mp3 */,
				EE8A60472411DF7A00A1D196 /* White Noise.mp3 */,
			);
			path = Sounds;
			sourceTree = "<group>";
		};
		EE8A60532411E57A00A1D196 /* Controllers */ = {
			isa = PBXGroup;
			children = (
				EE8A60542411E5AE00A1D196 /* AVPlayer.swift */,
				EE12FE862430162C00857DD4 /* ODManager.swift */,
			);
			path = Controllers;
			sourceTree = "<group>";
		};
		EE8CC84623F720D400D3D55E /* Helpers */ = {
			isa = PBXGroup;
			children = (
				EEFBE08023F70DDE0086DF65 /* Constaints.swift */,
			);
			path = Helpers;
			sourceTree = "<group>";
		};
		EE8CC84823F720FB00D3D55E /* Data */ = {
			isa = PBXGroup;
			children = (
				EE2DB60423F6FC50000FFF2A /* Data.swift */,
			);
			path = Data;
			sourceTree = "<group>";
		};
		EE8CC84923F7212900D3D55E /* Structures */ = {
			isa = PBXGroup;
			children = (
				EE2DB60E23F70669000FFF2A /* Mood.swift */,
			);
			path = Structures;
			sourceTree = "<group>";
		};
		EE8CC84A23F7214F00D3D55E /* Delegates */ = {
			isa = PBXGroup;
			children = (
				EE2DB5ED23F6F0EF000FFF2A /* AppDelegate.swift */,
				EE2DB5EF23F6F0EF000FFF2A /* SceneDelegate.swift */,
			);
			path = Delegates;
			sourceTree = "<group>";
		};
/* End PBXGroup section */

/* Begin PBXNativeTarget section */
		EE2DB5E923F6F0EF000FFF2A /* NiteNite */ = {
			isa = PBXNativeTarget;
			buildConfigurationList = EE2DB5FE23F6F0F0000FFF2A /* Build configuration list for PBXNativeTarget "NiteNite" */;
			buildPhases = (
				D079AD8E09390443FEC1B011 /* [CP] Check Pods Manifest.lock */,
				EE2DB5E623F6F0EF000FFF2A /* Sources */,
				EE2DB5E723F6F0EF000FFF2A /* Frameworks */,
				EE2DB5E823F6F0EF000FFF2A /* Resources */,
				E51161672639CA72791A8519 /* [CP] Embed Pods Frameworks */,
			);
			buildRules = (
			);
			dependencies = (
			);
			name = NiteNite;
			productName = NiteNite;
			productReference = EE2DB5EA23F6F0EF000FFF2A /* NiteNite.app */;
			productType = "com.apple.product-type.application";
		};
/* End PBXNativeTarget section */

/* Begin PBXProject section */
		EE2DB5E223F6F0EF000FFF2A /* Project object */ = {
			isa = PBXProject;
			attributes = {
				KnownAssetTags = (
					image_prefetch,
					sounds_prefetch,
				);
				LastSwiftUpdateCheck = 1130;
				LastUpgradeCheck = 1130;
				ORGANIZATIONNAME = "Nick Iden";
				TargetAttributes = {
					EE2DB5E923F6F0EF000FFF2A = {
						CreatedOnToolsVersion = 11.3.1;
					};
				};
			};
			buildConfigurationList = EE2DB5E523F6F0EF000FFF2A /* Build configuration list for PBXProject "NiteNite" */;
			compatibilityVersion = "Xcode 9.3";
			developmentRegion = en;
			hasScannedForEncodings = 0;
			knownRegions = (
				en,
				Base,
			);
			mainGroup = EE2DB5E123F6F0EF000FFF2A;
			productRefGroup = EE2DB5EB23F6F0EF000FFF2A /* Products */;
			projectDirPath = "";
			projectRoot = "";
			targets = (
				EE2DB5E923F6F0EF000FFF2A /* NiteNite */,
			);
		};
/* End PBXProject section */

/* Begin PBXResourcesBuildPhase section */
		EE2DB5E823F6F0EF000FFF2A /* Resources */ = {
			isa = PBXResourcesBuildPhase;
			buildActionMask = 2147483647;
			files = (
				EE8A60522411DF7B00A1D196 /* Fire Sound 2.mp3 in Resources */,
				EE8A60512411DF7B00A1D196 /* Fire Sound 1.mp3 in Resources */,
				EE9FC586241E99F200C09A00 /* Beach1.mp3 in Resources */,
				EEF1F014241EF34A00B827F4 /* Beach 2.mp3 in Resources */,
				EE3378CE242422B30042B209 /* Waterfall 1.mp3 in Resources */,
				EEB0CA31241E9F630005C076 /* Rain 2.mp3 in Resources */,
				EEC95C93241EA268000AC7FC /* Rain1.mp3 in Resources */,
				EE8A604D2411DF7B00A1D196 /* White Noise.mp3 in Resources */,
				EE8CC84523F7204B00D3D55E /* moods.json in Resources */,
				EE42C0CA24247D6B009EFE79 /* Default-568h@2x.png in Resources */,
				EE8A604E2411DF7B00A1D196 /* Pink Noise.mp3 in Resources */,
				EE2DB5F723F6F0F0000FFF2A /* Preview Assets.xcassets in Resources */,
				EE2DB5F423F6F0F0000FFF2A /* Assets.xcassets in Resources */,
			);
			runOnlyForDeploymentPostprocessing = 0;
		};
/* End PBXResourcesBuildPhase section */

/* Begin PBXShellScriptBuildPhase section */
		D079AD8E09390443FEC1B011 /* [CP] Check Pods Manifest.lock */ = {
			isa = PBXShellScriptBuildPhase;
			buildActionMask = 2147483647;
			files = (
			);
			inputFileListPaths = (
			);
			inputPaths = (
				"${PODS_PODFILE_DIR_PATH}/Podfile.lock",
				"${PODS_ROOT}/Manifest.lock",
			);
			name = "[CP] Check Pods Manifest.lock";
			outputFileListPaths = (
			);
			outputPaths = (
				"$(DERIVED_FILE_DIR)/Pods-NiteNite-checkManifestLockResult.txt",
			);
			runOnlyForDeploymentPostprocessing = 0;
			shellPath = /bin/sh;
			shellScript = "diff \"${PODS_PODFILE_DIR_PATH}/Podfile.lock\" \"${PODS_ROOT}/Manifest.lock\" > /dev/null\nif [ $? != 0 ] ; then\n    # print error to STDERR\n    echo \"error: The sandbox is not in sync with the Podfile.lock. Run 'pod install' or update your CocoaPods installation.\" >&2\n    exit 1\nfi\n# This output is used by Xcode 'outputs' to avoid re-running this script phase.\necho \"SUCCESS\" > \"${SCRIPT_OUTPUT_FILE_0}\"\n";
			showEnvVarsInLog = 0;
		};
		E51161672639CA72791A8519 /* [CP] Embed Pods Frameworks */ = {
			isa = PBXShellScriptBuildPhase;
			buildActionMask = 2147483647;
			files = (
			);
			inputFileListPaths = (
				"${PODS_ROOT}/Target Support Files/Pods-NiteNite/Pods-NiteNite-frameworks-${CONFIGURATION}-input-files.xcfilelist",
			);
			name = "[CP] Embed Pods Frameworks";
			outputFileListPaths = (
				"${PODS_ROOT}/Target Support Files/Pods-NiteNite/Pods-NiteNite-frameworks-${CONFIGURATION}-output-files.xcfilelist",
			);
			runOnlyForDeploymentPostprocessing = 0;
			shellPath = /bin/sh;
			shellScript = "\"${PODS_ROOT}/Target Support Files/Pods-NiteNite/Pods-NiteNite-frameworks.sh\"\n";
			showEnvVarsInLog = 0;
		};
/* End PBXShellScriptBuildPhase section */

/* Begin PBXSourcesBuildPhase section */
		EE2DB5E623F6F0EF000FFF2A /* Sources */ = {
			isa = PBXSourcesBuildPhase;
			buildActionMask = 2147483647;
			files = (
				EE2DB5EE23F6F0EF000FFF2A /* AppDelegate.swift in Sources */,
				EE07EB5223FA48F9004F33F5 /* ContentView.swift in Sources */,
				EE07EB5623FA4CF5004F33F5 /* Settings.swift in Sources */,
				EE2DB5F023F6F0EF000FFF2A /* SceneDelegate.swift in Sources */,
				EE75FFC923F83F6300E9C471 /* Mood_Detail.swift in Sources */,
				EED0FAEC241B034200A6838A /* BannerView.swift in Sources */,
				EE2DB5F223F6F0EF000FFF2A /* Home_View.swift in Sources */,
				EE12FE872430162C00857DD4 /* ODManager.swift in Sources */,
				EE8470602417DD0600370BE2 /* Terms_View.swift in Sources */,
				EEFBE08123F70DDE0086DF65 /* Constaints.swift in Sources */,
				EE2DB60523F6FC50000FFF2A /* Data.swift in Sources */,
				EE07EB5023FA3AA6004F33F5 /* Mood_Button.swift in Sources */,
				EE2DB60F23F70669000FFF2A /* Mood.swift in Sources */,
				EEFBE07F23F70A700086DF65 /* Mood_Items.swift in Sources */,
				EE8A60552411E5AE00A1D196 /* AVPlayer.swift in Sources */,
				EEFBE08323F7138D0086DF65 /* mood_Row.swift in Sources */,
			);
			runOnlyForDeploymentPostprocessing = 0;
		};
/* End PBXSourcesBuildPhase section */

/* Begin XCBuildConfiguration section */
		EE2DB5FC23F6F0F0000FFF2A /* Debug */ = {
			isa = XCBuildConfiguration;
			buildSettings = {
				ALWAYS_SEARCH_USER_PATHS = NO;
				CLANG_ANALYZER_NONNULL = YES;
				CLANG_ANALYZER_NUMBER_OBJECT_CONVERSION = YES_AGGRESSIVE;
				CLANG_CXX_LANGUAGE_STANDARD = "gnu++14";
				CLANG_CXX_LIBRARY = "libc++";
				CLANG_ENABLE_MODULES = YES;
				CLANG_ENABLE_OBJC_ARC = YES;
				CLANG_ENABLE_OBJC_WEAK = YES;
				CLANG_WARN_BLOCK_CAPTURE_AUTORELEASING = YES;
				CLANG_WARN_BOOL_CONVERSION = YES;
				CLANG_WARN_COMMA = YES;
				CLANG_WARN_CONSTANT_CONVERSION = YES;
				CLANG_WARN_DEPRECATED_OBJC_IMPLEMENTATIONS = YES;
				CLANG_WARN_DIRECT_OBJC_ISA_USAGE = YES_ERROR;
				CLANG_WARN_DOCUMENTATION_COMMENTS = YES;
				CLANG_WARN_EMPTY_BODY = YES;
				CLANG_WARN_ENUM_CONVERSION = YES;
				CLANG_WARN_INFINITE_RECURSION = YES;
				CLANG_WARN_INT_CONVERSION = YES;
				CLANG_WARN_NON_LITERAL_NULL_CONVERSION = YES;
				CLANG_WARN_OBJC_IMPLICIT_RETAIN_SELF = YES;
				CLANG_WARN_OBJC_LITERAL_CONVERSION = YES;
				CLANG_WARN_OBJC_ROOT_CLASS = YES_ERROR;
				CLANG_WARN_RANGE_LOOP_ANALYSIS = YES;
				CLANG_WARN_STRICT_PROTOTYPES = YES;
				CLANG_WARN_SUSPICIOUS_MOVE = YES;
				CLANG_WARN_UNGUARDED_AVAILABILITY = YES_AGGRESSIVE;
				CLANG_WARN_UNREACHABLE_CODE = YES;
				CLANG_WARN__DUPLICATE_METHOD_MATCH = YES;
				COPY_PHASE_STRIP = NO;
				DEBUG_INFORMATION_FORMAT = dwarf;
				ENABLE_STRICT_OBJC_MSGSEND = YES;
				ENABLE_TESTABILITY = YES;
				GCC_C_LANGUAGE_STANDARD = gnu11;
				GCC_DYNAMIC_NO_PIC = NO;
				GCC_NO_COMMON_BLOCKS = YES;
				GCC_OPTIMIZATION_LEVEL = 0;
				GCC_PREPROCESSOR_DEFINITIONS = (
					"DEBUG=1",
					"$(inherited)",
				);
				GCC_WARN_64_TO_32_BIT_CONVERSION = YES;
				GCC_WARN_ABOUT_RETURN_TYPE = YES_ERROR;
				GCC_WARN_UNDECLARED_SELECTOR = YES;
				GCC_WARN_UNINITIALIZED_AUTOS = YES_AGGRESSIVE;
				GCC_WARN_UNUSED_FUNCTION = YES;
				GCC_WARN_UNUSED_VARIABLE = YES;
				IPHONEOS_DEPLOYMENT_TARGET = 13.2;
				MTL_ENABLE_DEBUG_INFO = INCLUDE_SOURCE;
				MTL_FAST_MATH = YES;
				ONLY_ACTIVE_ARCH = YES;
				SDKROOT = iphoneos;
				SWIFT_ACTIVE_COMPILATION_CONDITIONS = DEBUG;
				SWIFT_OPTIMIZATION_LEVEL = "-Onone";
			};
			name = Debug;
		};
		EE2DB5FD23F6F0F0000FFF2A /* Release */ = {
			isa = XCBuildConfiguration;
			buildSettings = {
				ALWAYS_SEARCH_USER_PATHS = NO;
				CLANG_ANALYZER_NONNULL = YES;
				CLANG_ANALYZER_NUMBER_OBJECT_CONVERSION = YES_AGGRESSIVE;
				CLANG_CXX_LANGUAGE_STANDARD = "gnu++14";
				CLANG_CXX_LIBRARY = "libc++";
				CLANG_ENABLE_MODULES = YES;
				CLANG_ENABLE_OBJC_ARC = YES;
				CLANG_ENABLE_OBJC_WEAK = YES;
				CLANG_WARN_BLOCK_CAPTURE_AUTORELEASING = YES;
				CLANG_WARN_BOOL_CONVERSION = YES;
				CLANG_WARN_COMMA = YES;
				CLANG_WARN_CONSTANT_CONVERSION = YES;
				CLANG_WARN_DEPRECATED_OBJC_IMPLEMENTATIONS = YES;
				CLANG_WARN_DIRECT_OBJC_ISA_USAGE = YES_ERROR;
				CLANG_WARN_DOCUMENTATION_COMMENTS = YES;
				CLANG_WARN_EMPTY_BODY = YES;
				CLANG_WARN_ENUM_CONVERSION = YES;
				CLANG_WARN_INFINITE_RECURSION = YES;
				CLANG_WARN_INT_CONVERSION = YES;
				CLANG_WARN_NON_LITERAL_NULL_CONVERSION = YES;
				CLANG_WARN_OBJC_IMPLICIT_RETAIN_SELF = YES;
				CLANG_WARN_OBJC_LITERAL_CONVERSION = YES;
				CLANG_WARN_OBJC_ROOT_CLASS = YES_ERROR;
				CLANG_WARN_RANGE_LOOP_ANALYSIS = YES;
				CLANG_WARN_STRICT_PROTOTYPES = YES;
				CLANG_WARN_SUSPICIOUS_MOVE = YES;
				CLANG_WARN_UNGUARDED_AVAILABILITY = YES_AGGRESSIVE;
				CLANG_WARN_UNREACHABLE_CODE = YES;
				CLANG_WARN__DUPLICATE_METHOD_MATCH = YES;
				COPY_PHASE_STRIP = NO;
				DEBUG_INFORMATION_FORMAT = "dwarf-with-dsym";
				ENABLE_NS_ASSERTIONS = NO;
				ENABLE_STRICT_OBJC_MSGSEND = YES;
				GCC_C_LANGUAGE_STANDARD = gnu11;
				GCC_NO_COMMON_BLOCKS = YES;
				GCC_WARN_64_TO_32_BIT_CONVERSION = YES;
				GCC_WARN_ABOUT_RETURN_TYPE = YES_ERROR;
				GCC_WARN_UNDECLARED_SELECTOR = YES;
				GCC_WARN_UNINITIALIZED_AUTOS = YES_AGGRESSIVE;
				GCC_WARN_UNUSED_FUNCTION = YES;
				GCC_WARN_UNUSED_VARIABLE = YES;
				IPHONEOS_DEPLOYMENT_TARGET = 13.2;
				MTL_ENABLE_DEBUG_INFO = NO;
				MTL_FAST_MATH = YES;
				SDKROOT = iphoneos;
				SWIFT_COMPILATION_MODE = wholemodule;
				SWIFT_OPTIMIZATION_LEVEL = "-O";
				VALIDATE_PRODUCT = YES;
			};
			name = Release;
		};
		EE2DB5FF23F6F0F0000FFF2A /* Debug */ = {
			isa = XCBuildConfiguration;
			baseConfigurationReference = A60F8A69453B3352EF499525 /* Pods-NiteNite.debug.xcconfig */;
			buildSettings = {
				ASSETCATALOG_COMPILER_APPICON_NAME = AppIcon;
				CODE_SIGN_STYLE = Automatic;
				CURRENT_PROJECT_VERSION = 3;
				DEVELOPMENT_ASSET_PATHS = "\"NiteNite/Preview Content\"";
				DEVELOPMENT_TEAM = XSQ47PCY7Y;
				ENABLE_PREVIEWS = YES;
				INFOPLIST_FILE = NiteNite/Info.plist;
				LD_RUNPATH_SEARCH_PATHS = (
					"$(inherited)",
					"@executable_path/Frameworks",
				);
				MARKETING_VERSION = 1.02;
				ON_DEMAND_RESOURCES_PREFETCH_ORDER = "image_prefetch sounds_prefetch";
				PRODUCT_BUNDLE_IDENTIFIER = NickIden.NiteNite;
				PRODUCT_NAME = "$(TARGET_NAME)";
				SWIFT_VERSION = 5.0;
				TARGETED_DEVICE_FAMILY = 1;
			};
			name = Debug;
		};
		EE2DB60023F6F0F0000FFF2A /* Release */ = {
			isa = XCBuildConfiguration;
			baseConfigurationReference = 39DCBACF6E210E67758AD490 /* Pods-NiteNite.release.xcconfig */;
			buildSettings = {
				ASSETCATALOG_COMPILER_APPICON_NAME = AppIcon;
				CODE_SIGN_STYLE = Automatic;
				CURRENT_PROJECT_VERSION = 3;
				DEVELOPMENT_ASSET_PATHS = "\"NiteNite/Preview Content\"";
				DEVELOPMENT_TEAM = XSQ47PCY7Y;
				ENABLE_PREVIEWS = YES;
				INFOPLIST_FILE = NiteNite/Info.plist;
				LD_RUNPATH_SEARCH_PATHS = (
					"$(inherited)",
					"@executable_path/Frameworks",
				);
				MARKETING_VERSION = 1.02;
				ON_DEMAND_RESOURCES_PREFETCH_ORDER = "image_prefetch sounds_prefetch";
				PRODUCT_BUNDLE_IDENTIFIER = NickIden.NiteNite;
				PRODUCT_NAME = "$(TARGET_NAME)";
				SWIFT_VERSION = 5.0;
				TARGETED_DEVICE_FAMILY = 1;
			};
			name = Release;
		};
/* End XCBuildConfiguration section */

/* Begin XCConfigurationList section */
		EE2DB5E523F6F0EF000FFF2A /* Build configuration list for PBXProject "NiteNite" */ = {
			isa = XCConfigurationList;
			buildConfigurations = (
				EE2DB5FC23F6F0F0000FFF2A /* Debug */,
				EE2DB5FD23F6F0F0000FFF2A /* Release */,
			);
			defaultConfigurationIsVisible = 0;
			defaultConfigurationName = Release;
		};
		EE2DB5FE23F6F0F0000FFF2A /* Build configuration list for PBXNativeTarget "NiteNite" */ = {
			isa = XCConfigurationList;
			buildConfigurations = (
				EE2DB5FF23F6F0F0000FFF2A /* Debug */,
				EE2DB60023F6F0F0000FFF2A /* Release */,
			);
			defaultConfigurationIsVisible = 0;
			defaultConfigurationName = Release;
		};
/* End XCConfigurationList section */
	};
	rootObject = EE2DB5E223F6F0EF000FFF2A /* Project object */;
}
